
Microsoft Visual Studio Solution File, Format Version 12.00
# Visual Studio Version 17
VisualStudioVersion = 17.0.31903.59
MinimumVisualStudioVersion = 10.0.40219.1
Project("{FAE04EC0-301F-11D3-BF4B-00C04F79EFBC}") = "TemplateTests", "TemplateTests.csproj", "{8CD0DED5-DD9D-4281-A238-4E47EC749031}"
EndProject
Project("{FAE04EC0-301F-11D3-BF4B-00C04F79EFBC}") = "Blazor_Server_Template", "../Blazor_Server_Template.csproj", "{751950B4-3504-477D-A0FB-CAF95D261FC5}"
EndProject
Global
	GlobalSection(SolutionConfigurationPlatforms) = preSolution
		Debug|Any CPU = Debug|Any CPU
		Release|Any CPU = Release|Any CPU
	EndGlobalSection
	GlobalSection(SolutionProperties) = preSolution
		HideSolutionNode = FALSE
	EndGlobalSection
	GlobalSection(ProjectConfigurationPlatforms) = postSolution
		{751950B4-3504-477D-A0FB-CAF95D261FC5}.Debug|Any CPU.ActiveCfg = Debug|Any CPU
		{751950B4-3504-477D-A0FB-CAF95D261FC5}.Debug|Any CPU.Build.0 = Debug|Any CPU
		{751950B4-3504-477D-A0FB-CAF95D261FC5}.Release|Any CPU.ActiveCfg = Release|Any CPU
		{751950B4-3504-477D-A0FB-CAF95D261FC5}.Release|Any CPU.Build.0 = Release|Any CPU
		{8CD0DED5-DD9D-4281-A238-4E47EC749031}.Debug|Any CPU.ActiveCfg = Debug|Any CPU
		{8CD0DED5-DD9D-4281-A238-4E47EC749031}.Debug|Any CPU.Build.0 = Debug|Any CPU
		{8CD0DED5-DD9D-4281-A238-4E47EC749031}.Release|Any CPU.ActiveCfg = Release|Any CPU
		{8CD0DED5-DD9D-4281-A238-4E47EC749031}.Release|Any CPU.Build.0 = Release|Any CPU
	EndGlobalSection
EndGlobal
